
Microsoft Visual Studio Solution File, Format Version 12.00
# Visual Studio Version 17
VisualStudioVersion = 17.9.34616.47
MinimumVisualStudioVersion = 10.0.40219.1
Project("{8BC9CEB8-8B4A-11D0-8D11-00A0C91BC942}") = "lab_01", "lab_01\lab_01.vcxproj", "{0F800F21-1CED-4DA0-9E77-B38E53EE0510}"
EndProject
Project("{8BC9CEB8-8B4A-11D0-8D11-00A0C91BC942}") = "lab_02", "lab_02\lab_02.vcxproj", "{2578FD6B-1834-49CF-8243-0D4D1A65E92F}"
EndProject
Project("{8BC9CEB8-8B4A-11D0-8D11-00A0C91BC942}") = "lab_03", "lab_03\lab_03.vcxproj", "{37EF7530-13BD-4F99-902C-DF1F51E8249A}"
EndProject
Project("{8BC9CEB8-8B4A-11D0-8D11-00A0C91BC942}") = "lab_04", "lab_04\lab_04.vcxproj", "{35DEA787-D620-4486-8D68-A47831B33B3F}"
EndProject
Project("{8BC9CEB8-8B4A-11D0-8D11-00A0C91BC942}") = "lab_05", "lab_05\lab_05.vcxproj", "{63177804-B792-48BB-BE6B-187FF21E8D8F}"
EndProject
Global
	GlobalSection(SolutionConfigurationPlatforms) = preSolution
		Debug|x64 = Debug|x64
		Debug|x86 = Debug|x86
		Release|x64 = Release|x64
		Release|x86 = Release|x86
	EndGlobalSection
	GlobalSection(ProjectConfigurationPlatforms) = postSolution
		{0F800F21-1CED-4DA0-9E77-B38E53EE0510}.Debug|x64.ActiveCfg = Debug|x64
		{0F800F21-1CED-4DA0-9E77-B38E53EE0510}.Debug|x64.Build.0 = Debug|x64
		{0F800F21-1CED-4DA0-9E77-B38E53EE0510}.Debug|x86.ActiveCfg = Debug|Win32
		{0F800F21-1CED-4DA0-9E77-B38E53EE0510}.Debug|x86.Build.0 = Debug|Win32
		{0F800F21-1CED-4DA0-9E77-B38E53EE0510}.Release|x64.ActiveCfg = Release|x64
		{0F800F21-1CED-4DA0-9E77-B38E53EE0510}.Release|x64.Build.0 = Release|x64
		{0F800F21-1CED-4DA0-9E77-B38E53EE0510}.Release|x86.ActiveCfg = Release|Win32
		{0F800F21-1CED-4DA0-9E77-B38E53EE0510}.Release|x86.Build.0 = Release|Win32
		{2578FD6B-1834-49CF-8243-0D4D1A65E92F}.Debug|x64.ActiveCfg = Debug|x64
		{2578FD6B-1834-49CF-8243-0D4D1A65E92F}.Debug|x64.Build.0 = Debug|x64
		{2578FD6B-1834-49CF-8243-0D4D1A65E92F}.Debug|x86.ActiveCfg = Debug|Win32
		{2578FD6B-1834-49CF-8243-0D4D1A65E92F}.Debug|x86.Build.0 = Debug|Win32
		{2578FD6B-1834-49CF-8243-0D4D1A65E92F}.Release|x64.ActiveCfg = Release|x64
		{2578FD6B-1834-49CF-8243-0D4D1A65E92F}.Release|x64.Build.0 = Release|x64
		{2578FD6B-1834-49CF-8243-0D4D1A65E92F}.Release|x86.ActiveCfg = Release|Win32
		{2578FD6B-1834-49CF-8243-0D4D1A65E92F}.Release|x86.Build.0 = Release|Win32
		{37EF7530-13BD-4F99-902C-DF1F51E8249A}.Debug|x64.ActiveCfg = Debug|x64
		{37EF7530-13BD-4F99-902C-DF1F51E8249A}.Debug|x64.Build.0 = Debug|x64
		{37EF7530-13BD-4F99-902C-DF1F51E8249A}.Debug|x86.ActiveCfg = Debug|Win32
		{37EF7530-13BD-4F99-902C-DF1F51E8249A}.Debug|x86.Build.0 = Debug|Win32
		{37EF7530-13BD-4F99-902C-DF1F51E8249A}.Release|x64.ActiveCfg = Release|x64
		{37EF7530-13BD-4F99-902C-DF1F51E8249A}.Release|x64.Build.0 = Release|x64
		{37EF7530-13BD-4F99-902C-DF1F51E8249A}.Release|x86.ActiveCfg = Release|Win32
		{37EF7530-13BD-4F99-902C-DF1F51E8249A}.Release|x86.Build.0 = Release|Win32
		{35DEA787-D620-4486-8D68-A47831B33B3F}.Debug|x64.ActiveCfg = Debug|x64
		{35DEA787-D620-4486-8D68-A47831B33B3F}.Debug|x64.Build.0 = Debug|x64
		{35DEA787-D620-4486-8D68-A47831B33B3F}.Debug|x86.ActiveCfg = Debug|Win32
		{35DEA787-D620-4486-8D68-A47831B33B3F}.Debug|x86.Build.0 = Debug|Win32
		{35DEA787-D620-4486-8D68-A47831B33B3F}.Release|x64.ActiveCfg = Release|x64
		{35DEA787-D620-4486-8D68-A47831B33B3F}.Release|x64.Build.0 = Release|x64
		{35DEA787-D620-4486-8D68-A47831B33B3F}.Release|x86.ActiveCfg = Release|Win32
		{35DEA787-D620-4486-8D68-A47831B33B3F}.Release|x86.Build.0 = Release|Win32
		{63177804-B792-48BB-BE6B-187FF21E8D8F}.Debug|x64.ActiveCfg = Debug|x64
		{63177804-B792-48BB-BE6B-187FF21E8D8F}.Debug|x64.Build.0 = Debug|x64
		{63177804-B792-48BB-BE6B-187FF21E8D8F}.Debug|x86.ActiveCfg = Debug|Win32
		{63177804-B792-48BB-BE6B-187FF21E8D8F}.Debug|x86.Build.0 = Debug|Win32
		{63177804-B792-48BB-BE6B-187FF21E8D8F}.Release|x64.ActiveCfg = Release|x64
		{63177804-B792-48BB-BE6B-187FF21E8D8F}.Release|x64.Build.0 = Release|x64
		{63177804-B792-48BB-BE6B-187FF21E8D8F}.Release|x86.ActiveCfg = Release|Win32
		{63177804-B792-48BB-BE6B-187FF21E8D8F}.Release|x86.Build.0 = Release|Win32
	EndGlobalSection
	GlobalSection(SolutionProperties) = preSolution
		HideSolutionNode = FALSE
	EndGlobalSection
	GlobalSection(ExtensibilityGlobals) = postSolution
		SolutionGuid = {6A14EEAE-677E-4803-812F-32E0FF814737}
	EndGlobalSection
EndGlobal
